
Microsoft Visual Studio Solution File, Format Version 12.00
# Visual Studio Version 17
VisualStudioVersion = 17.13.35818.85
MinimumVisualStudioVersion = 10.0.40219.1
Project("{FAE04EC0-301F-11D3-BF4B-00C04F79EFBC}") = "Camera_Organoids", "Camera_Organoids.csproj", "{0EE3D82A-F106-4EAC-A3FD-C69DC93048E6}"
EndProject
Global
	GlobalSection(SolutionConfigurationPlatforms) = preSolution
		Debug|Any CPU = Debug|Any CPU
		Release|Any CPU = Release|Any CPU
	EndGlobalSection
	GlobalSection(ProjectConfigurationPlatforms) = postSolution
		{0EE3D82A-F106-4EAC-A3FD-C69DC93048E6}.Debug|Any CPU.ActiveCfg = Debug|Any CPU
		{0EE3D82A-F106-4EAC-A3FD-C69DC93048E6}.Debug|Any CPU.Build.0 = Debug|Any CPU
		{0EE3D82A-F106-4EAC-A3FD-C69DC93048E6}.Release|Any CPU.ActiveCfg = Release|Any CPU
		{0EE3D82A-F106-4EAC-A3FD-C69DC93048E6}.Release|Any CPU.Build.0 = Release|Any CPU
	EndGlobalSection
	GlobalSection(SolutionProperties) = preSolution
		HideSolutionNode = FALSE
	EndGlobalSection
	GlobalSection(ExtensibilityGlobals) = postSolution
		SolutionGuid = {DDAE2CBD-25FB-4E22-B69E-A9E8F4726EBB}
	EndGlobalSection
EndGlobal
